lockfileVersion: '9.0'

settings:
  autoInstallPeers: true
  excludeLinksFromLockfile: false

importers:

  .:
    devDependencies:
      turbo:
        specifier: ^2.3.3
        version: 2.10.8
      typescript:
        specifier: ^5.7.2
        version: 5.9.3

  packages/config:
    dependencies:
      '@supabase/supabase-js':
        specifier: ^2.47.10
        version: 2.112.0
    devDependencies:
      typescript:
        specifier: ^5.7.2
        version: 5.9.3

  packages/core:
    dependencies:
      zod:
        specifier: ^3.24.1
        version: 3.25.76
    devDependencies:
      typescript:
        specifier: ^5.7.2
        version: 5.9.3

  packages/db:
    dependencies:
      '@supabase/supabase-js':
        specifier: ^2.47.10
        version: 2.112.0
    devDependencies:
      typescript:
        specifier: ^5.7.2
        version: 5.9.3

packages:

  '@supabase/auth-js@2.112.0':
    resolution: {integrity: sha512-8qAdObNQHKbSeVBLmf2WLNT7+bCE8zBofpCFiNUqGBAl5qw9VagSvcmPXlh78McAU7iHrGik1oeJxiB2A6B29w==}
    engines: {node: '>=22.0.0'}

  '@supabase/functions-js@2.112.0':
    resolution: {integrity: sha512-2DdaEZs0vq86orMIZBO+eM5w5/UxZb1EZyg2JraBKS4W9BzfFO+fOFD6YStmZ7iAOWvxNTGPjPNItsofpGgTCA==}
    engines: {node: '>=22.0.0'}

  '@supabase/phoenix@0.4.5':
    resolution: {integrity: sha512-aAn9H9ovVyeApKy11OWOrrOGq8DV68yWeH4ud2lN9fzn4aO8Zb5GLL9m1pUg9nLqIcT+ZDfAcsZe0E/nqdv2lw==}

  '@supabase/postgrest-js@2.112.0':
    resolution: {integrity: sha512-4HKCVq32Jlk/wS8Ud8QgaAuQ4u6w1hZfw/gS5IcIN7wYddElMj4kfiCZpHMPfncomMnYzAKBUhwBZPpRcTH2Yw==}
    engines: {node: '>=22.0.0'}

  '@supabase/realtime-js@2.112.0':
    resolution: {integrity: sha512-McFFP+ivFDMTaCEh8JDpG+sPEmv5IjKvrP0uTH3Lbsriai4KbxB8ycY8TqPQnbjhOVjEifQm1q0y2tL1CUw9Zg==}
    engines: {node: '>=22.0.0'}

  '@supabase/storage-js@2.112.0':
    resolution: {integrity: sha512-X44Bl045X/e5e2tJqWsY+JmQvgtm04BJuijiWprIWYLn0mDvGnu8hLdzPOPcTVji7wlqbt2ZUHttsv+rGKQYXw==}
    engines: {node: '>=22.0.0'}

  '@supabase/supabase-js@2.112.0':
    resolution: {integrity: sha512-dHVOgog58GOagtrZuPxJYg/R45ZV2U0qqgXffH+lMlt1OS+267Pw4g7bw3iXCGxN85OufiE0nI1baxDXlgEyfQ==}
    engines: {node: '>=22.0.0'}
    peerDependencies:
      '@opentelemetry/api': '>=1.0.0'
    peerDependenciesMeta:
      '@opentelemetry/api':
        optional: true

  '@turbo/darwin-64@2.10.8':
    resolution: {integrity: sha512-po+7rfJfUnFXjWlcoN2RwhErgzCdRtBc1T26vYPcywHlggmCQiQe1uWaE4j+BibI2uY9/2pDoFzMN0rmSaPFOw==}
    cpu: [x64]
    os: [darwin]

  '@turbo/darwin-arm64@2.10.8':
    resolution: {integrity: sha512-+zB2btDJ00lnPRuqOvpVvgl4x34k/djZQGZTTCfjn7JgNCl8QFY5Njo5+dqkY1g/+9gbbsnAvWm9CmJg9ebcXA==}
    cpu: [arm64]
    os: [darwin]

  '@turbo/linux-64@2.10.8':
    resolution: {integrity: sha512-K1dxqiVisyN7cViVsfQLs6xscQbYuI8aO2nbUhFURDACgEDfZRdP/b4CCxeosBJpcMfhYyiibWqJorCnvz9kKg==}
    cpu: [x64]
    os: [android, linux]

  '@turbo/linux-arm64@2.10.8':
    resolution: {integrity: sha512-Gi77ibVnrE1fEmvr+/wBD/yvRqhwp/RQuCp2+//lv1U1wNFFyVg0V7Wj8FG9FXPFAw5QHReo8rxc9+wBSDZjzA==}
    cpu: [arm64]
    os: [android, linux]

  '@turbo/windows-64@2.10.8':
    resolution: {integrity: sha512-znnLO1haJPYTHoKMKwlAvlkjRiYbbhBzME6wIGaMd+fwir23U6jVd1ecaTWWi1fbnRVqxMfgDBKseQ/hLKb83g==}
    cpu: [x64]
    os: [win32]

  '@turbo/windows-arm64@2.10.8':
    resolution: {integrity: sha512-VN30vh3b3Czh2WzYHNTfF1FE0YMZ5aHsLO8dBMGHJewA6792wX6iJR8ZxlzFW6WdOu0gEAKIvlYhfyT81Wkm4Q==}
    cpu: [arm64]
    os: [win32]

  iceberg-js@0.8.1:
    resolution: {integrity: sha512-1dhVQZXhcHje7798IVM+xoo/1ZdVfzOMIc8/rgVSijRK38EDqOJoGula9N/8ZI5RD8QTxNQtK/Gozpr+qUqRRA==}
    engines: {node: '>=20.0.0'}

  tslib@2.8.1:
    resolution: {integrity: sha512-oJFu94HQb+KVduSUQL7wnpmqnfmLsOA/nAh6b6EH0wCEoK0/mPeXU6c3wKDV83MkOuHPRHtSXKKU99IBazS/2w==}

  turbo@2.10.8:
    resolution: {integrity: sha512-9+8YX5QOkGXzZxcIykTHgaooRHGMWO+jfdyRK0o+rN0U7hBIig2MrJ8r/aNzIPDPhdA73SGb0O+tIztaModTMg==}
    hasBin: true

  typescript@5.9.3:
    resolution: {integrity: sha512-jl1vZzPDinLr9eUt3J/t7V6FgNEw9QjvBPdysz9KfQDD41fQrC2Y4vKQdiaUpFT4bXlb1RHhLpp8wtm6M5TgSw==}
    engines: {node: '>=14.17'}
    hasBin: true

  zod@3.25.76:
    resolution: {integrity: sha512-gzUt/qt81nXsFGKIFcC3YnfEAx5NkunCfnDlvuBSSFS02bcXu4Lmea0AFIUwbLWxWPx3d9p8S5QoaujKcNQxcQ==}

snapshots:

  '@supabase/auth-js@2.112.0':
    dependencies:
      tslib: 2.8.1

  '@supabase/functions-js@2.112.0':
    dependencies:
      tslib: 2.8.1

  '@supabase/phoenix@0.4.5': {}

  '@supabase/postgrest-js@2.112.0':
    dependencies:
      tslib: 2.8.1

  '@supabase/realtime-js@2.112.0':
    dependencies:
      '@supabase/phoenix': 0.4.5
      tslib: 2.8.1

  '@supabase/storage-js@2.112.0':
    dependencies:
      iceberg-js: 0.8.1
      tslib: 2.8.1

  '@supabase/supabase-js@2.112.0':
    dependencies:
      '@supabase/auth-js': 2.112.0
      '@supabase/functions-js': 2.112.0
      '@supabase/postgrest-js': 2.112.0
      '@supabase/realtime-js': 2.112.0
      '@supabase/storage-js': 2.112.0

  '@turbo/darwin-64@2.10.8':
    optional: true

  '@turbo/darwin-arm64@2.10.8':
    optional: true

  '@turbo/linux-64@2.10.8':
    optional: true

  '@turbo/linux-arm64@2.10.8':
    optional: true

  '@turbo/windows-64@2.10.8':
    optional: true

  '@turbo/windows-arm64@2.10.8':
    optional: true

  iceberg-js@0.8.1: {}

  tslib@2.8.1: {}

  turbo@2.10.8:
    optionalDependencies:
      '@turbo/darwin-64': 2.10.8
      '@turbo/darwin-arm64': 2.10.8
      '@turbo/linux-64': 2.10.8
      '@turbo/linux-arm64': 2.10.8
      '@turbo/windows-64': 2.10.8
      '@turbo/windows-arm64': 2.10.8

  typescript@5.9.3: {}

  zod@3.25.76: {}
